
Microsoft Visual Studio Solution File, Format Version 12.00
# Visual Studio Version 17
VisualStudioVersion = 17.14.36930.0 d17.14
MinimumVisualStudioVersion = 10.0.40219.1
Project("{2150E333-8FDC-42A3-9474-1A3956D46DE8}") = "src", "src", "{02EA681E-C7D8-13C7-8484-4AC65E1B71E8}"
EndProject
Project("{2150E333-8FDC-42A3-9474-1A3956D46DE8}") = "docs", "docs", "{28B95010-0884-4C93-88E5-96EE983DC7F2}"
EndProject
Project("{2150E333-8FDC-42A3-9474-1A3956D46DE8}") = "tests", "tests", "{5F8FF3EF-F770-4F4F-A74D-57B91BAB2557}"
EndProject
Project("{FAE04EC0-301F-11D3-BF4B-00C04F79EFBC}") = "ApiAggregator.Domain", "ApiAggregator.Domain\ApiAggregator.Domain.csproj", "{770130B3-377F-4C6D-8783-88E7ADFCEE67}"
EndProject
Project("{FAE04EC0-301F-11D3-BF4B-00C04F79EFBC}") = "ApiAggregator.Infrastructure", "ApiAggregator.Infrastructure\ApiAggregator.Infrastructure.csproj", "{04B1053C-A8F3-402A-B173-B8FEF4840163}"
EndProject
Project("{FAE04EC0-301F-11D3-BF4B-00C04F79EFBC}") = "ApiAggregator.Application", "ApiAggregator.Application\ApiAggregator.Application.csproj", "{A51CA485-A389-4846-AA59-77EBE117EC2E}"
EndProject
Project("{FAE04EC0-301F-11D3-BF4B-00C04F79EFBC}") = "ApiAggregator.API", "ApiAggregator.API\ApiAggregator.API.csproj", "{8C836452-16F8-4D08-B700-D118DAC2896C}"
EndProject
Project("{2150E333-8FDC-42A3-9474-1A3956D46DE8}") = "Solution Items", "Solution Items", "{8EC462FD-D22E-90A8-E5CE-7E832BA40C5D}"
	ProjectSection(SolutionItems) = preProject
		Directory.Build.props = Directory.Build.props
		Directory.Packages.props = Directory.Packages.props
	EndProjectSection
EndProject
Global
	GlobalSection(SolutionConfigurationPlatforms) = preSolution
		Debug|Any CPU = Debug|Any CPU
		Release|Any CPU = Release|Any CPU
	EndGlobalSection
	GlobalSection(ProjectConfigurationPlatforms) = postSolution
		{770130B3-377F-4C6D-8783-88E7ADFCEE67}.Debug|Any CPU.ActiveCfg = Debug|Any CPU
		{770130B3-377F-4C6D-8783-88E7ADFCEE67}.Debug|Any CPU.Build.0 = Debug|Any CPU
		{770130B3-377F-4C6D-8783-88E7ADFCEE67}.Release|Any CPU.ActiveCfg = Release|Any CPU
		{770130B3-377F-4C6D-8783-88E7ADFCEE67}.Release|Any CPU.Build.0 = Release|Any CPU
		{04B1053C-A8F3-402A-B173-B8FEF4840163}.Debug|Any CPU.ActiveCfg = Debug|Any CPU
		{04B1053C-A8F3-402A-B173-B8FEF4840163}.Debug|Any CPU.Build.0 = Debug|Any CPU
		{04B1053C-A8F3-402A-B173-B8FEF4840163}.Release|Any CPU.ActiveCfg = Release|Any CPU
		{04B1053C-A8F3-402A-B173-B8FEF4840163}.Release|Any CPU.Build.0 = Release|Any CPU
		{A51CA485-A389-4846-AA59-77EBE117EC2E}.Debug|Any CPU.ActiveCfg = Debug|Any CPU
		{A51CA485-A389-4846-AA59-77EBE117EC2E}.Debug|Any CPU.Build.0 = Debug|Any CPU
		{A51CA485-A389-4846-AA59-77EBE117EC2E}.Release|Any CPU.ActiveCfg = Release|Any CPU
		{A51CA485-A389-4846-AA59-77EBE117EC2E}.Release|Any CPU.Build.0 = Release|Any CPU
		{8C836452-16F8-4D08-B700-D118DAC2896C}.Debug|Any CPU.ActiveCfg = Debug|Any CPU
		{8C836452-16F8-4D08-B700-D118DAC2896C}.Debug|Any CPU.Build.0 = Debug|Any CPU
		{8C836452-16F8-4D08-B700-D118DAC2896C}.Release|Any CPU.ActiveCfg = Release|Any CPU
		{8C836452-16F8-4D08-B700-D118DAC2896C}.Release|Any CPU.Build.0 = Release|Any CPU
	EndGlobalSection
	GlobalSection(SolutionProperties) = preSolution
		HideSolutionNode = FALSE
	EndGlobalSection
	GlobalSection(NestedProjects) = preSolution
		{770130B3-377F-4C6D-8783-88E7ADFCEE67} = {02EA681E-C7D8-13C7-8484-4AC65E1B71E8}
		{04B1053C-A8F3-402A-B173-B8FEF4840163} = {02EA681E-C7D8-13C7-8484-4AC65E1B71E8}
		{A51CA485-A389-4846-AA59-77EBE117EC2E} = {02EA681E-C7D8-13C7-8484-4AC65E1B71E8}
		{8C836452-16F8-4D08-B700-D118DAC2896C} = {02EA681E-C7D8-13C7-8484-4AC65E1B71E8}
	EndGlobalSection
	GlobalSection(ExtensibilityGlobals) = postSolution
		SolutionGuid = {25E0B537-150F-4359-9F18-789C33A8A2FD}
	EndGlobalSection
EndGlobal
